
Microsoft Visual Studio Solution File, Format Version 12.00
# Visual Studio Version 16
VisualStudioVersion = 16.0.808.0
MinimumVisualStudioVersion = 10.0.40219.1
Project("{FAE04EC0-301F-11D3-BF4B-00C04F79EFBC}") = "FlypackBot", "FlypackBot\FlypackBot.csproj", "{1049F258-21EF-40E2-8508-AA9E2AF6E6E9}"
EndProject
Project("{E53339B2-1760-4266-BCC7-CA923CBCF16C}") = "docker-compose", "docker-compose.dcproj", "{9186C515-3FAB-49F6-BEA1-A0B05B0A7427}"
EndProject
Global
	GlobalSection(SolutionConfigurationPlatforms) = preSolution
		Debug|Any CPU = Debug|Any CPU
		Release|Any CPU = Release|Any CPU
	EndGlobalSection
	GlobalSection(ProjectConfigurationPlatforms) = postSolution
		{1049F258-21EF-40E2-8508-AA9E2AF6E6E9}.Debug|Any CPU.ActiveCfg = Debug|Any CPU
		{1049F258-21EF-40E2-8508-AA9E2AF6E6E9}.Debug|Any CPU.Build.0 = Debug|Any CPU
		{1049F258-21EF-40E2-8508-AA9E2AF6E6E9}.Release|Any CPU.ActiveCfg = Release|Any CPU
		{1049F258-21EF-40E2-8508-AA9E2AF6E6E9}.Release|Any CPU.Build.0 = Release|Any CPU
		{9186C515-3FAB-49F6-BEA1-A0B05B0A7427}.Debug|Any CPU.ActiveCfg = Debug|Any CPU
		{9186C515-3FAB-49F6-BEA1-A0B05B0A7427}.Debug|Any CPU.Build.0 = Debug|Any CPU
		{9186C515-3FAB-49F6-BEA1-A0B05B0A7427}.Release|Any CPU.ActiveCfg = Release|Any CPU
		{9186C515-3FAB-49F6-BEA1-A0B05B0A7427}.Release|Any CPU.Build.0 = Release|Any CPU
	EndGlobalSection
	GlobalSection(SolutionProperties) = preSolution
		HideSolutionNode = FALSE
	EndGlobalSection
	GlobalSection(ExtensibilityGlobals) = postSolution
		SolutionGuid = {8F22CA0B-98B1-42C2-BCB7-87D21ACAE523}
	EndGlobalSection
EndGlobal
